{
  "name": "Framework_Exam",
  "lockfileVersion": 2,
  "requires": true,
  "packages": {
    "": {
      "dependencies": {
        "bootstrap": "^5.3.0-alpha1",
        "highcharts": "^10.3.3"
      }
    },
    "node_modules/bootstrap": {
      "version": "5.3.0-alpha1",
      "resolved": "https://registry.npmjs.org/bootstrap/-/bootstrap-5.3.0-alpha1.tgz",
      "integrity": "sha512-ABZpKK4ObS3kKlIqH+ZVDqoy5t/bhFG0oHTAzByUdon7YIom0lpCeTqRniDzJmbtcWkNe800VVPBiJgxSYTYew==",
      "funding": [
        {
          "type": "github",
          "url": "https://github.com/sponsors/twbs"
        },
        {
          "type": "opencollective",
          "url": "https://opencollective.com/bootstrap"
        }
      ],
      "peerDependencies": {
        "@popperjs/core": "^2.11.6"
      }
    },
    "node_modules/highcharts": {
      "version": "10.3.3",
      "resolved": "https://registry.npmjs.org/highcharts/-/highcharts-10.3.3.tgz",
      "integrity": "sha512-r7wgUPQI9tr3jFDn3XT36qsNwEIZYcfgz4mkKEA6E4nn5p86y+u1EZjazIG4TRkl5/gmGRtkBUiZW81g029RIw=="
    }
  },
  "dependencies": {
    "bootstrap": {
      "version": "5.3.0-alpha1",
      "resolved": "https://registry.npmjs.org/bootstrap/-/bootstrap-5.3.0-alpha1.tgz",
      "integrity": "sha512-ABZpKK4ObS3kKlIqH+ZVDqoy5t/bhFG0oHTAzByUdon7YIom0lpCeTqRniDzJmbtcWkNe800VVPBiJgxSYTYew=="
    },
    "highcharts": {
      "version": "10.3.3",
      "resolved": "https://registry.npmjs.org/highcharts/-/highcharts-10.3.3.tgz",
      "integrity": "sha512-r7wgUPQI9tr3jFDn3XT36qsNwEIZYcfgz4mkKEA6E4nn5p86y+u1EZjazIG4TRkl5/gmGRtkBUiZW81g029RIw=="
    }
  }
}
